
Microsoft Visual Studio Solution File, Format Version 12.00
# Visual Studio Version 16
VisualStudioVersion = 16.0.31702.278
MinimumVisualStudioVersion = 10.0.40219.1
Project("{FAE04EC0-301F-11D3-BF4B-00C04F79EFBC}") = "GrandRP-Cases", "GrandRP-Cases\GrandRP-Cases.csproj", "{32BA8426-B830-4425-9B5D-C8AFBC8A6325}"
EndProject
Global
	GlobalSection(SolutionConfigurationPlatforms) = preSolution
		Debug|Any CPU = Debug|Any CPU
		Release|Any CPU = Release|Any CPU
	EndGlobalSection
	GlobalSection(ProjectConfigurationPlatforms) = postSolution
		{32BA8426-B830-4425-9B5D-C8AFBC8A6325}.Debug|Any CPU.ActiveCfg = Debug|Any CPU
		{32BA8426-B830-4425-9B5D-C8AFBC8A6325}.Debug|Any CPU.Build.0 = Debug|Any CPU
		{32BA8426-B830-4425-9B5D-C8AFBC8A6325}.Release|Any CPU.ActiveCfg = Release|Any CPU
		{32BA8426-B830-4425-9B5D-C8AFBC8A6325}.Release|Any CPU.Build.0 = Release|Any CPU
	EndGlobalSection
	GlobalSection(SolutionProperties) = preSolution
		HideSolutionNode = FALSE
	EndGlobalSection
	GlobalSection(ExtensibilityGlobals) = postSolution
		SolutionGuid = {BFF53FA0-293F-4160-AEA2-40A753B36177}
	EndGlobalSection
EndGlobal
